<?xml version="1.0" encoding="UTF-8"?>
<Scheme
   LastUpgradeVersion = "0730"
   version = "1.3">
   <BuildAction
      parallelizeBuildables = "YES"
      buildImplicitDependencies = "YES">
      <BuildActionEntries>
         <BuildActionEntry
            buildForTesting = "YES"
            buildForRunning = "YES"
            buildForProfiling = "YES"
            buildForArchiving = "YES"
            buildForAnalyzing = "YES">
            <BuildableReference
               BuildableIdentifier = "primary"
               BlueprintIdentifier = "1AB8F66E1DBE065A002B5CA4"
               BuildableName = "&#x6843;&#x592a;&#x90ce;.app"
               BlueprintName = "&#x6843;&#x592a;&#x90ce;"
               ReferencedContainer = "container:&#x6843;&#x592a;&#x90ce;.xcodeproj">
            </BuildableReference>
         </BuildActionEntry>
      </BuildActionEntries>
   </BuildAction>
   <TestAction
      buildConfiguration = "Debug"
      selectedDebuggerIdentifier = "Xcode.DebuggerFoundation.Debugger.LLDB"
      selectedLauncherIdentifier = "Xcode.DebuggerFoundation.Launcher.LLDB"
      shouldUseLaunchSchemeArgsEnv = "YES">
      <Testables>
         <TestableReference
            skipped = "NO">
            <BuildableReference
               BuildableIdentifier = "primary"
               BlueprintIdentifier = "1AB8F6821DBE065B002B5CA4"
               BuildableName = "&#x6843;&#x592a;&#x90ce;Tests.xctest"
               BlueprintName = "&#x6843;&#x592a;&#x90ce;Tests"
               ReferencedContainer = "container:&#x6843;&#x592a;&#x90ce;.xcodeproj">
            </BuildableReference>
         </TestableReference>
         <TestableReference
            skipped = "NO">
            <BuildableReference
               BuildableIdentifier = "primary"
               BlueprintIdentifier = "1AB8F68D1DBE065B002B5CA4"
               BuildableName = "&#x6843;&#x592a;&#x90ce;UITests.xctest"
               BlueprintName = "&#x6843;&#x592a;&#x90ce;UITests"
               ReferencedContainer = "container:&#x6843;&#x592a;&#x90ce;.xcodeproj">
            </BuildableReference>
         </TestableReference>
      </Testables>
      <MacroExpansion>
         <BuildableReference
            BuildableIdentifier = "primary"
            BlueprintIdentifier = "1AB8F66E1DBE065A002B5CA4"
            BuildableName = "&#x6843;&#x592a;&#x90ce;.app"
            BlueprintName = "&#x6843;&#x592a;&#x90ce;"
            ReferencedContainer = "container:&#x6843;&#x592a;&#x90ce;.xcodeproj">
         </BuildableReference>
      </MacroExpansion>
      <AdditionalOptions>
      </AdditionalOptions>
   </TestAction>
   <LaunchAction
      buildConfiguration = "Debug"
      selectedDebuggerIdentifier = "Xcode.DebuggerFoundation.Debugger.LLDB"
      selectedLauncherIdentifier = "Xcode.DebuggerFoundation.Launcher.LLDB"
      launchStyle = "0"
      useCustomWorkingDirectory = "NO"
      ignoresPersistentStateOnLaunch = "NO"
      debugDocumentVersioning = "YES"
      debugServiceExtension = "internal"
      allowLocationSimulation = "YES">
      <BuildableProductRunnable
         runnableDebuggingMode = "0">
         <BuildableReference
            BuildableIdentifier = "primary"
            BlueprintIdentifier = "1AB8F66E1DBE065A002B5CA4"
            BuildableName = "&#x6843;&#x592a;&#x90ce;.app"
            BlueprintName = "&#x6843;&#x592a;&#x90ce;"
            ReferencedContainer = "container:&#x6843;&#x592a;&#x90ce;.xcodeproj">
         </BuildableReference>
      </BuildableProductRunnable>
      <AdditionalOptions>
      </AdditionalOptions>
   </LaunchAction>
   <ProfileAction
      buildConfiguration = "Release"
      shouldUseLaunchSchemeArgsEnv = "YES"
      savedToolIdentifier = ""
      useCustomWorkingDirectory = "NO"
      debugDocumentVersioning = "YES">
      <BuildableProductRunnable
         runnableDebuggingMode = "0">
         <BuildableReference
            BuildableIdentifier = "primary"
            BlueprintIdentifier = "1AB8F66E1DBE065A002B5CA4"
            BuildableName = "&#x6843;&#x592a;&#x90ce;.app"
            BlueprintName = "&#x6843;&#x592a;&#x90ce;"
            ReferencedContainer = "container:&#x6843;&#x592a;&#x90ce;.xcodeproj">
         </BuildableReference>
      </BuildableProductRunnable>
   </ProfileAction>
   <AnalyzeAction
      buildConfiguration = "Debug">
   </AnalyzeAction>
   <ArchiveAction
      buildConfiguration = "Release"
      revealArchiveInOrganizer = "YES">
   </ArchiveAction>
</Scheme>
